
Microsoft Visual Studio Solution File, Format Version 12.00
# Visual Studio Version 16
VisualStudioVersion = 16.0.31729.503
MinimumVisualStudioVersion = 10.0.40219.1
Project("{2150E333-8FDC-42A3-9474-1A3956D46DE8}") = "src", "src", "{45D8AE3D-EEE3-4558-90F5-4C89F35B9F6E}"
EndProject
Project("{2150E333-8FDC-42A3-9474-1A3956D46DE8}") = "tests", "tests", "{84EF32DD-66E9-49EE-938D-B8440D855AD9}"
EndProject
Project("{2150E333-8FDC-42A3-9474-1A3956D46DE8}") = "common", "common", "{D5E98C58-7084-4DB1-9A44-08F6FD6C22DB}"
	ProjectSection(SolutionItems) = preProject
		docker-compose.yml = docker-compose.yml
		readme.md = readme.md
	EndProjectSection
EndProject
Project("{9A19103F-16F7-4668-BE54-9A1E7A4F7556}") = "OzonEdu.MerchandiseService", "src\OzonEdu.MerchandiseService\OzonEdu.MerchandiseService.csproj", "{E265E88B-5480-41C0-9193-7CA3043EFD19}"
EndProject
Project("{2150E333-8FDC-42A3-9474-1A3956D46DE8}") = "Solution Items", "Solution Items", "{09CFC406-9A49-4F11-A80E-83D62BDEA95D}"
	ProjectSection(SolutionItems) = preProject
		.editorconfig = .editorconfig
	EndProjectSection
EndProject
Project("{FAE04EC0-301F-11D3-BF4B-00C04F79EFBC}") = "OzonEdu.MerchandiseService.Grpc", "src\OzonEdu.MerchandiseService.Grpc\OzonEdu.MerchandiseService.Grpc.csproj", "{D1931DCE-BAD1-4B94-ACFE-9591F08A2E9A}"
EndProject
Project("{FAE04EC0-301F-11D3-BF4B-00C04F79EFBC}") = "OzonEdu.MerchandiseService.HttpModels", "src\OzonEdu.MerchandiseService.HttpModels\OzonEdu.MerchandiseService.HttpModels.csproj", "{C371755A-1322-44A1-A194-16802CF81F59}"
EndProject
Project("{FAE04EC0-301F-11D3-BF4B-00C04F79EFBC}") = "OzonEdu.MerchandiseService.HttpClient", "src\OzonEdu.MerchandiseService.HttpClient\OzonEdu.MerchandiseService.HttpClient.csproj", "{3BCFF6DC-F517-4789-B3DB-CAD34ABB9B03}"
EndProject
Project("{FAE04EC0-301F-11D3-BF4B-00C04F79EFBC}") = "OzonEdu.MerchandiseService.GrpcClient", "src\OzonEdu.MerchandiseService.GrpcClient\OzonEdu.MerchandiseService.GrpcClient.csproj", "{6DC20FB2-AB51-44EA-872B-0411A247113D}"
EndProject
Global
	GlobalSection(SolutionConfigurationPlatforms) = preSolution
		Debug|Any CPU = Debug|Any CPU
		Release|Any CPU = Release|Any CPU
	EndGlobalSection
	GlobalSection(ProjectConfigurationPlatforms) = postSolution
		{E265E88B-5480-41C0-9193-7CA3043EFD19}.Debug|Any CPU.ActiveCfg = Debug|Any CPU
		{E265E88B-5480-41C0-9193-7CA3043EFD19}.Debug|Any CPU.Build.0 = Debug|Any CPU
		{E265E88B-5480-41C0-9193-7CA3043EFD19}.Release|Any CPU.ActiveCfg = Release|Any CPU
		{E265E88B-5480-41C0-9193-7CA3043EFD19}.Release|Any CPU.Build.0 = Release|Any CPU
		{D1931DCE-BAD1-4B94-ACFE-9591F08A2E9A}.Debug|Any CPU.ActiveCfg = Debug|Any CPU
		{D1931DCE-BAD1-4B94-ACFE-9591F08A2E9A}.Debug|Any CPU.Build.0 = Debug|Any CPU
		{D1931DCE-BAD1-4B94-ACFE-9591F08A2E9A}.Release|Any CPU.ActiveCfg = Release|Any CPU
		{D1931DCE-BAD1-4B94-ACFE-9591F08A2E9A}.Release|Any CPU.Build.0 = Release|Any CPU
		{C371755A-1322-44A1-A194-16802CF81F59}.Debug|Any CPU.ActiveCfg = Debug|Any CPU
		{C371755A-1322-44A1-A194-16802CF81F59}.Debug|Any CPU.Build.0 = Debug|Any CPU
		{C371755A-1322-44A1-A194-16802CF81F59}.Release|Any CPU.ActiveCfg = Release|Any CPU
		{C371755A-1322-44A1-A194-16802CF81F59}.Release|Any CPU.Build.0 = Release|Any CPU
		{3BCFF6DC-F517-4789-B3DB-CAD34ABB9B03}.Debug|Any CPU.ActiveCfg = Debug|Any CPU
		{3BCFF6DC-F517-4789-B3DB-CAD34ABB9B03}.Debug|Any CPU.Build.0 = Debug|Any CPU
		{3BCFF6DC-F517-4789-B3DB-CAD34ABB9B03}.Release|Any CPU.ActiveCfg = Release|Any CPU
		{3BCFF6DC-F517-4789-B3DB-CAD34ABB9B03}.Release|Any CPU.Build.0 = Release|Any CPU
		{6DC20FB2-AB51-44EA-872B-0411A247113D}.Debug|Any CPU.ActiveCfg = Debug|Any CPU
		{6DC20FB2-AB51-44EA-872B-0411A247113D}.Debug|Any CPU.Build.0 = Debug|Any CPU
		{6DC20FB2-AB51-44EA-872B-0411A247113D}.Release|Any CPU.ActiveCfg = Release|Any CPU
		{6DC20FB2-AB51-44EA-872B-0411A247113D}.Release|Any CPU.Build.0 = Release|Any CPU
	EndGlobalSection
	GlobalSection(SolutionProperties) = preSolution
		HideSolutionNode = FALSE
	EndGlobalSection
	GlobalSection(NestedProjects) = preSolution
		{E265E88B-5480-41C0-9193-7CA3043EFD19} = {45D8AE3D-EEE3-4558-90F5-4C89F35B9F6E}
		{D1931DCE-BAD1-4B94-ACFE-9591F08A2E9A} = {45D8AE3D-EEE3-4558-90F5-4C89F35B9F6E}
		{C371755A-1322-44A1-A194-16802CF81F59} = {45D8AE3D-EEE3-4558-90F5-4C89F35B9F6E}
		{3BCFF6DC-F517-4789-B3DB-CAD34ABB9B03} = {45D8AE3D-EEE3-4558-90F5-4C89F35B9F6E}
		{6DC20FB2-AB51-44EA-872B-0411A247113D} = {45D8AE3D-EEE3-4558-90F5-4C89F35B9F6E}
	EndGlobalSection
	GlobalSection(ExtensibilityGlobals) = postSolution
		SolutionGuid = {873A5BC3-DB04-48DB-9386-A0D3A1D31EAA}
	EndGlobalSection
EndGlobal
